{
  "name": "sisi-portfolio",
  "version": "1.0.0",
  "lockfileVersion": 3,
  "requires": true,
  "packages": {
    "": {
      "name": "sisi-portfolio",
      "version": "1.0.0",
      "dependencies": {
        "vue": "^3.3.4"
      },
      "devDependencies": {
        "@vitejs/plugin-vue": "^4.3.4",
        "sharp": "^0.34.4",
        "terser": "^5.44.0",
        "vite": "^4.4.9",
        "vite-plugin-compression": "^0.5.1"
      }
    },
    "node_modules/@babel/helper-string-parser": {
      "version": "7.27.1",
      "resolved": "http://r.npm.sankuai.com/@babel/helper-string-parser/download/@babel/helper-string-parser-7.27.1.tgz",
      "integrity": "sha1-VNp5YJerGc5n7Z+ItHuy7Ek2doc=",
      "license": "MIT",
      "engines": {
        "node": ">=6.9.0"
      }
    },
    "node_modules/@babel/helper-validator-identifier": {
      "version": "7.27.1",
      "resolved": "http://r.npm.sankuai.com/@babel/helper-validator-identifier/download/@babel/helper-validator-identifier-7.27.1.tgz",
      "integrity": "sha1-pwVNzBRaln3U3I/uhFpXwTFsnfg=",
      "license": "MIT",
      "engines": {
        "node": ">=6.9.0"
      }
    },
    "node_modules/@babel/parser": {
      "version": "7.28.4",
      "resolved": "http://r.npm.sankuai.com/@babel/parser/download/@babel/parser-7.28.4.tgz",
      "integrity": "sha1-2iXUZDUyiQkyzAP3cF/hljfgP6g=",
      "license": "MIT",
      "dependencies": {
        "@babel/types": "^7.28.4"
      },
      "bin": {
        "parser": "bin/babel-parser.js"
      },
      "engines": {
        "node": ">=6.0.0"
      }
    },
    "node_modules/@babel/types": {
      "version": "7.28.4",
      "resolved": "http://r.npm.sankuai.com/@babel/types/download/@babel/types-7.28.4.tgz",
      "integrity": "sha1-Ck5hj0xgp81sEcstSAYOTb44rDo=",
      "license": "MIT",
      "dependencies": {
        "@babel/helper-string-parser": "^7.27.1",
        "@babel/helper-validator-identifier": "^7.27.1"
      },
      "engines": {
        "node": ">=6.9.0"
      }
    },
    "node_modules/@emnapi/runtime": {
      "version": "1.5.0",
      "resolved": "http://r.npm.sankuai.com/@emnapi/runtime/download/@emnapi/runtime-1.5.0.tgz",
      "integrity": "sha1-muv8ubFxldzjq1PIZ4emt9BY23M=",
      "dev": true,
      "license": "MIT",
      "optional": true,
      "dependencies": {
        "tslib": "^2.4.0"
      }
    },
    "node_modules/@esbuild/darwin-arm64": {
      "version": "0.18.20",
      "resolved": "http://r.npm.sankuai.com/@esbuild/darwin-arm64/download/@esbuild/darwin-arm64-0.18.20.tgz",
      "integrity": "sha1-CBcsvsz5X7w4M5mn85z73a6w18E=",
      "cpu": [
        "arm64"
      ],
      "dev": true,
      "license": "MIT",
      "optional": true,
      "os": [
        "darwin"
      ],
      "engines": {
        "node": ">=12"
      }
    },
    "node_modules/@img/colour": {
      "version": "1.0.0",
      "resolved": "http://r.npm.sankuai.com/@img/colour/download/@img/colour-1.0.0.tgz",
      "integrity": "sha1-0vq7IjRVp5O/O/nHDePShSaqgxE=",
      "dev": true,
      "license": "MIT",
      "engines": {
        "node": ">=18"
      }
    },
    "node_modules/@img/sharp-darwin-arm64": {
      "version": "0.34.4",
      "resolved": "http://r.npm.sankuai.com/@img/sharp-darwin-arm64/download/@img/sharp-darwin-arm64-0.34.4.tgz",
      "integrity": "sha1-ig3KyeYh/1M/vy6DD2qXezjWegw=",
      "cpu": [
        "arm64"
      ],
      "dev": true,
      "license": "Apache-2.0",
      "optional": true,
      "os": [
        "darwin"
      ],
      "engines": {
        "node": "^18.17.0 || ^20.3.0 || >=21.0.0"
      },
      "funding": {
        "url": "https://opencollective.com/libvips"
      },
      "optionalDependencies": {
        "@img/sharp-libvips-darwin-arm64": "1.2.3"
      }
    },
    "node_modules/@img/sharp-darwin-x64": {
      "version": "0.34.4",
      "resolved": "http://r.npm.sankuai.com/@img/sharp-darwin-x64/download/@img/sharp-darwin-x64-0.34.4.tgz",
      "integrity": "sha1-C6K9nb8H9zAPq3MwW3h+ZhVvd1I=",
      "cpu": [
        "x64"
      ],
      "dev": true,
      "license": "Apache-2.0",
      "optional": true,
      "os": [
        "darwin"
      ],
      "engines": {
        "node": "^18.17.0 || ^20.3.0 || >=21.0.0"
      },
      "funding": {
        "url": "https://opencollective.com/libvips"
      },
      "optionalDependencies": {
        "@img/sharp-libvips-darwin-x64": "1.2.3"
      }
    },
    "node_modules/@img/sharp-libvips-darwin-arm64": {
      "version": "1.2.3",
      "resolved": "http://r.npm.sankuai.com/@img/sharp-libvips-darwin-arm64/download/@img/sharp-libvips-darwin-arm64-1.2.3.tgz",
      "integrity": "sha1-9Dyao7dP0wfkMY2mPrvg7Uw050Q=",
      "cpu": [
        "arm64"
      ],
      "dev": true,
      "license": "LGPL-3.0-or-later",
      "optional": true,
      "os": [
        "darwin"
      ],
      "funding": {
        "url": "https://opencollective.com/libvips"
      }
    },
    "node_modules/@img/sharp-libvips-darwin-x64": {
      "version": "1.2.3",
      "resolved": "http://r.npm.sankuai.com/@img/sharp-libvips-darwin-x64/download/@img/sharp-libvips-darwin-x64-1.2.3.tgz",
      "integrity": "sha1-xC/3htSh9C74kp26Spid1d9kF/A=",
      "cpu": [
        "x64"
      ],
      "dev": true,
      "license": "LGPL-3.0-or-later",
      "optional": true,
      "os": [
        "darwin"
      ],
      "funding": {
        "url": "https://opencollective.com/libvips"
      }
    },
    "node_modules/@img/sharp-libvips-linux-arm": {
      "version": "1.2.3",
      "resolved": "http://r.npm.sankuai.com/@img/sharp-libvips-linux-arm/download/@img/sharp-libvips-linux-arm-1.2.3.tgz",
      "integrity": "sha1-PLwzP9a48iShTWmwOh3RHfiXx5k=",
      "cpu": [
        "arm"
      ],
      "dev": true,
      "license": "LGPL-3.0-or-later",
      "optional": true,
      "os": [
        "linux"
      ],
      "funding": {
        "url": "https://opencollective.com/libvips"
      }
    },
    "node_modules/@img/sharp-libvips-linux-arm64": {
      "version": "1.2.3",
      "resolved": "http://r.npm.sankuai.com/@img/sharp-libvips-linux-arm64/download/@img/sharp-libvips-linux-arm64-1.2.3.tgz",
      "integrity": "sha1-yQc+XEtinuQX93fbIcVSkQ2E7Xc=",
      "cpu": [
        "arm64"
      ],
      "dev": true,
      "license": "LGPL-3.0-or-later",
      "optional": true,
      "os": [
        "linux"
      ],
      "funding": {
        "url": "https://opencollective.com/libvips"
      }
    },
    "node_modules/@img/sharp-libvips-linux-ppc64": {
      "version": "1.2.3",
      "resolved": "http://r.npm.sankuai.com/@img/sharp-libvips-linux-ppc64/download/@img/sharp-libvips-linux-ppc64-1.2.3.tgz",
      "integrity": "sha1-aODgB2KZ9D2DhGhnVnT6vMcWHRY=",
      "cpu": [
        "ppc64"
      ],
      "dev": true,
      "license": "LGPL-3.0-or-later",
      "optional": true,
      "os": [
        "linux"
      ],
      "funding": {
        "url": "https://opencollective.com/libvips"
      }
    },
    "node_modules/@img/sharp-libvips-linux-s390x": {
      "version": "1.2.3",
      "resolved": "http://r.npm.sankuai.com/@img/sharp-libvips-linux-s390x/download/@img/sharp-libvips-linux-s390x-1.2.3.tgz",
      "integrity": "sha1-famrEaUMDKkFl58KrhSkzP+rJ7I=",
      "cpu": [
        "s390x"
      ],
      "dev": true,
      "license": "LGPL-3.0-or-later",
      "optional": true,
      "os": [
        "linux"
      ],
      "funding": {
        "url": "https://opencollective.com/libvips"
      }
    },
    "node_modules/@img/sharp-libvips-linux-x64": {
      "version": "1.2.3",
      "resolved": "http://r.npm.sankuai.com/@img/sharp-libvips-linux-x64/download/@img/sharp-libvips-linux-x64-1.2.3.tgz",
      "integrity": "sha1-OxYtaxkM93kmgZBA4J+xXuxCE14=",
      "cpu": [
        "x64"
      ],
      "dev": true,
      "license": "LGPL-3.0-or-later",
      "optional": true,
      "os": [
        "linux"
      ],
      "funding": {
        "url": "https://opencollective.com/libvips"
      }
    },
    "node_modules/@img/sharp-libvips-linuxmusl-arm64": {
      "version": "1.2.3",
      "resolved": "http://r.npm.sankuai.com/@img/sharp-libvips-linuxmusl-arm64/download/@img/sharp-libvips-linuxmusl-arm64-1.2.3.tgz",
      "integrity": "sha1-rJlXZjDdjjPLWY18RYb24GVZEuo=",
      "cpu": [
        "arm64"
      ],
      "dev": true,
      "license": "LGPL-3.0-or-later",
      "optional": true,
      "os": [
        "linux"
      ],
      "funding": {
        "url": "https://opencollective.com/libvips"
      }
    },
    "node_modules/@img/sharp-libvips-linuxmusl-x64": {
      "version": "1.2.3",
      "resolved": "http://r.npm.sankuai.com/@img/sharp-libvips-linuxmusl-x64/download/@img/sharp-libvips-linuxmusl-x64-1.2.3.tgz",
      "integrity": "sha1-k+lJWve/bE4NQd1x0BlsNcN1Ohw=",
      "cpu": [
        "x64"
      ],
      "dev": true,
      "license": "LGPL-3.0-or-later",
      "optional": true,
      "os": [
        "linux"
      ],
      "funding": {
        "url": "https://opencollective.com/libvips"
      }
    },
    "node_modules/@img/sharp-linux-arm": {
      "version": "0.34.4",
      "resolved": "http://r.npm.sankuai.com/@img/sharp-linux-arm/download/@img/sharp-linux-arm-0.34.4.tgz",
      "integrity": "sha1-XwINkz9U8/xJID0yw7fdDsEf/Ns=",
      "cpu": [
        "arm"
      ],
      "dev": true,
      "license": "Apache-2.0",
      "optional": true,
      "os": [
        "linux"
      ],
      "engines": {
        "node": "^18.17.0 || ^20.3.0 || >=21.0.0"
      },
      "funding": {
        "url": "https://opencollective.com/libvips"
      },
      "optionalDependencies": {
        "@img/sharp-libvips-linux-arm": "1.2.3"
      }
    },
    "node_modules/@img/sharp-linux-arm64": {
      "version": "0.34.4",
      "resolved": "http://r.npm.sankuai.com/@img/sharp-linux-arm64/download/@img/sharp-linux-arm64-0.34.4.tgz",
      "integrity": "sha1-BXD/Gk+m4dZ3lFb8qLXowYpqnPI=",
      "cpu": [
        "arm64"
      ],
      "dev": true,
      "license": "Apache-2.0",
      "optional": true,
      "os": [
        "linux"
      ],
      "engines": {
        "node": "^18.17.0 || ^20.3.0 || >=21.0.0"
      },
      "funding": {
        "url": "https://opencollective.com/libvips"
      },
      "optionalDependencies": {
        "@img/sharp-libvips-linux-arm64": "1.2.3"
      }
    },
    "node_modules/@img/sharp-linux-ppc64": {
      "version": "0.34.4",
      "resolved": "http://r.npm.sankuai.com/@img/sharp-linux-ppc64/download/@img/sharp-linux-ppc64-0.34.4.tgz",
      "integrity": "sha1-jVd19tx+MOo6HvpDeYt2kLtcs0Q=",
      "cpu": [
        "ppc64"
      ],
      "dev": true,
      "license": "Apache-2.0",
      "optional": true,
      "os": [
        "linux"
      ],
      "engines": {
        "node": "^18.17.0 || ^20.3.0 || >=21.0.0"
      },
      "funding": {
        "url": "https://opencollective.com/libvips"
      },
      "optionalDependencies": {
        "@img/sharp-libvips-linux-ppc64": "1.2.3"
      }
    },
    "node_modules/@img/sharp-linux-s390x": {
      "version": "0.34.4",
      "resolved": "http://r.npm.sankuai.com/@img/sharp-linux-s390x/download/@img/sharp-linux-s390x-0.34.4.tgz",
      "integrity": "sha1-dAqls2kYjuLBkTsQFef4MPTf21A=",
      "cpu": [
        "s390x"
      ],
      "dev": true,
      "license": "Apache-2.0",
      "optional": true,
      "os": [
        "linux"
      ],
      "engines": {
        "node": "^18.17.0 || ^20.3.0 || >=21.0.0"
      },
      "funding": {
        "url": "https://opencollective.com/libvips"
      },
      "optionalDependencies": {
        "@img/sharp-libvips-linux-s390x": "1.2.3"
      }
    },
    "node_modules/@img/sharp-linux-x64": {
      "version": "0.34.4",
      "resolved": "http://r.npm.sankuai.com/@img/sharp-linux-x64/download/@img/sharp-linux-x64-0.34.4.tgz",
      "integrity": "sha1-VzzkGWstB3G7oyrME6N7etybYhI=",
      "cpu": [
        "x64"
      ],
      "dev": true,
      "license": "Apache-2.0",
      "optional": true,
      "os": [
        "linux"
      ],
      "engines": {
        "node": "^18.17.0 || ^20.3.0 || >=21.0.0"
      },
      "funding": {
        "url": "https://opencollective.com/libvips"
      },
      "optionalDependencies": {
        "@img/sharp-libvips-linux-x64": "1.2.3"
      }
    },
    "node_modules/@img/sharp-linuxmusl-arm64": {
      "version": "0.34.4",
      "resolved": "http://r.npm.sankuai.com/@img/sharp-linuxmusl-arm64/download/@img/sharp-linuxmusl-arm64-0.34.4.tgz",
      "integrity": "sha1-PJG8g0jMO0K0PG/KFPnbtctHvQ0=",
      "cpu": [
        "arm64"
      ],
      "dev": true,
      "license": "Apache-2.0",
      "optional": true,
      "os": [
        "linux"
      ],
      "engines": {
        "node": "^18.17.0 || ^20.3.0 || >=21.0.0"
      },
      "funding": {
        "url": "https://opencollective.com/libvips"
      },
      "optionalDependencies": {
        "@img/sharp-libvips-linuxmusl-arm64": "1.2.3"
      }
    },
    "node_modules/@img/sharp-linuxmusl-x64": {
      "version": "0.34.4",
      "resolved": "http://r.npm.sankuai.com/@img/sharp-linuxmusl-x64/download/@img/sharp-linuxmusl-x64-0.34.4.tgz",
      "integrity": "sha1-M959R2rJ4tt+9lQzG1TMZ5uAa9o=",
      "cpu": [
        "x64"
      ],
      "dev": true,
      "license": "Apache-2.0",
      "optional": true,
      "os": [
        "linux"
      ],
      "engines": {
        "node": "^18.17.0 || ^20.3.0 || >=21.0.0"
      },
      "funding": {
        "url": "https://opencollective.com/libvips"
      },
      "optionalDependencies": {
        "@img/sharp-libvips-linuxmusl-x64": "1.2.3"
      }
    },
    "node_modules/@img/sharp-wasm32": {
      "version": "0.34.4",
      "resolved": "http://r.npm.sankuai.com/@img/sharp-wasm32/download/@img/sharp-wasm32-0.34.4.tgz",
      "integrity": "sha1-1hf3s/hR+JmAIpjzYGZ8IGBcAZg=",
      "cpu": [
        "wasm32"
      ],
      "dev": true,
      "license": "Apache-2.0 AND LGPL-3.0-or-later AND MIT",
      "optional": true,
      "dependencies": {
        "@emnapi/runtime": "^1.5.0"
      },
      "engines": {
        "node": "^18.17.0 || ^20.3.0 || >=21.0.0"
      },
      "funding": {
        "url": "https://opencollective.com/libvips"
      }
    },
    "node_modules/@img/sharp-win32-arm64": {
      "version": "0.34.4",
      "resolved": "http://r.npm.sankuai.com/@img/sharp-win32-arm64/download/@img/sharp-win32-arm64-0.34.4.tgz",
      "integrity": "sha1-OOLIqIgm6sZH98P5nv77OYl6j1w=",
      "cpu": [
        "arm64"
      ],
      "dev": true,
      "license": "Apache-2.0 AND LGPL-3.0-or-later",
      "optional": true,
      "os": [
        "win32"
      ],
      "engines": {
        "node": "^18.17.0 || ^20.3.0 || >=21.0.0"
      },
      "funding": {
        "url": "https://opencollective.com/libvips"
      }
    },
    "node_modules/@img/sharp-win32-ia32": {
      "version": "0.34.4",
      "resolved": "http://r.npm.sankuai.com/@img/sharp-win32-ia32/download/@img/sharp-win32-ia32-0.34.4.tgz",
      "integrity": "sha1-ADp+sP2rpgB5DDAHz9dW5Bqc90k=",
      "cpu": [
        "ia32"
      ],
      "dev": true,
      "license": "Apache-2.0 AND LGPL-3.0-or-later",
      "optional": true,
      "os": [
        "win32"
      ],
      "engines": {
        "node": "^18.17.0 || ^20.3.0 || >=21.0.0"
      },
      "funding": {
        "url": "https://opencollective.com/libvips"
      }
    },
    "node_modules/@img/sharp-win32-x64": {
      "version": "0.34.4",
      "resolved": "http://r.npm.sankuai.com/@img/sharp-win32-x64/download/@img/sharp-win32-x64-0.34.4.tgz",
      "integrity": "sha1-sZ8fiKzov8IHhKCtMXZ/NDjgJdE=",
      "cpu": [
        "x64"
      ],
      "dev": true,
      "license": "Apache-2.0 AND LGPL-3.0-or-later",
      "optional": true,
      "os": [
        "win32"
      ],
      "engines": {
        "node": "^18.17.0 || ^20.3.0 || >=21.0.0"
      },
      "funding": {
        "url": "https://opencollective.com/libvips"
      }
    },
    "node_modules/@jridgewell/gen-mapping": {
      "version": "0.3.13",
      "resolved": "http://r.npm.sankuai.com/@jridgewell/gen-mapping/download/@jridgewell/gen-mapping-0.3.13.tgz",
      "integrity": "sha1-Y0Khn0Q0dRjJPkOxrGnes8Rlah8=",
      "dev": true,
      "license": "MIT",
      "dependencies": {
        "@jridgewell/sourcemap-codec": "^1.5.0",
        "@jridgewell/trace-mapping": "^0.3.24"
      }
    },
    "node_modules/@jridgewell/resolve-uri": {
      "version": "3.1.2",
      "resolved": "http://r.npm.sankuai.com/@jridgewell/resolve-uri/download/@jridgewell/resolve-uri-3.1.2.tgz",
      "integrity": "sha1-eg7mAfYPmaIMfHxf8MgDiMEYm9Y=",
      "dev": true,
      "license": "MIT",
      "engines": {
        "node": ">=6.0.0"
      }
    },
    "node_modules/@jridgewell/source-map": {
      "version": "0.3.11",
      "resolved": "http://r.npm.sankuai.com/@jridgewell/source-map/download/@jridgewell/source-map-0.3.11.tgz",
      "integrity": "sha1-shg1y9Nttla4V8KtAuvUE8wTqbo=",
      "dev": true,
      "license": "MIT",
      "dependencies": {
        "@jridgewell/gen-mapping": "^0.3.5",
        "@jridgewell/trace-mapping": "^0.3.25"
      }
    },
    "node_modules/@jridgewell/sourcemap-codec": {
      "version": "1.5.5",
      "resolved": "http://r.npm.sankuai.com/@jridgewell/sourcemap-codec/download/@jridgewell/sourcemap-codec-1.5.5.tgz",
      "integrity": "sha1-aRKwDSxjHA0Vzhp6tXzWV/Ko+Lo=",
      "license": "MIT"
    },
    "node_modules/@jridgewell/trace-mapping": {
      "version": "0.3.31",
      "resolved": "http://r.npm.sankuai.com/@jridgewell/trace-mapping/download/@jridgewell/trace-mapping-0.3.31.tgz",
      "integrity": "sha1-2xXWeByTHzolGj2sOVAcmKYIL9A=",
      "dev": true,
      "license": "MIT",
      "dependencies": {
        "@jridgewell/resolve-uri": "^3.1.0",
        "@jridgewell/sourcemap-codec": "^1.4.14"
      }
    },
    "node_modules/@vitejs/plugin-vue": {
      "version": "4.6.2",
      "resolved": "http://r.npm.sankuai.com/@vitejs/plugin-vue/download/@vitejs/plugin-vue-4.6.2.tgz",
      "integrity": "sha1-BX0t7ZTE5xuU6YFPktzZMGMXqkY=",
      "dev": true,
      "license": "MIT",
      "engines": {
        "node": "^14.18.0 || >=16.0.0"
      },
      "peerDependencies": {
        "vite": "^4.0.0 || ^5.0.0",
        "vue": "^3.2.25"
      }
    },
    "node_modules/@vue/compiler-core": {
      "version": "3.5.22",
      "resolved": "http://r.npm.sankuai.com/@vue/compiler-core/download/@vue/compiler-core-3.5.22.tgz",
      "integrity": "sha1-u4KUoN0x31QFY8xv+gRW8fdoe5c=",
      "license": "MIT",
      "dependencies": {
        "@babel/parser": "^7.28.4",
        "@vue/shared": "3.5.22",
        "entities": "^4.5.0",
        "estree-walker": "^2.0.2",
        "source-map-js": "^1.2.1"
      }
    },
    "node_modules/@vue/compiler-dom": {
      "version": "3.5.22",
      "resolved": "http://r.npm.sankuai.com/@vue/compiler-dom/download/@vue/compiler-dom-3.5.22.tgz",
      "integrity": "sha1-bJwsmENSD209vGheXQ4eEqLATFY=",
      "license": "MIT",
      "dependencies": {
        "@vue/compiler-core": "3.5.22",
        "@vue/shared": "3.5.22"
      }
    },
    "node_modules/@vue/compiler-sfc": {
      "version": "3.5.22",
      "resolved": "http://r.npm.sankuai.com/@vue/compiler-sfc/download/@vue/compiler-sfc-3.5.22.tgz",
      "integrity": "sha1-ZjqEg7HdqN6DtvoaqzilK/c92WU=",
      "license": "MIT",
      "dependencies": {
        "@babel/parser": "^7.28.4",
        "@vue/compiler-core": "3.5.22",
        "@vue/compiler-dom": "3.5.22",
        "@vue/compiler-ssr": "3.5.22",
        "@vue/shared": "3.5.22",
        "estree-walker": "^2.0.2",
        "magic-string": "^0.30.19",
        "postcss": "^8.5.6",
        "source-map-js": "^1.2.1"
      }
    },
    "node_modules/@vue/compiler-ssr": {
      "version": "3.5.22",
      "resolved": "http://r.npm.sankuai.com/@vue/compiler-ssr/download/@vue/compiler-ssr-3.5.22.tgz",
      "integrity": "sha1-oO8W42RzGyXnmhNHBWkGavEBMg8=",
      "license": "MIT",
      "dependencies": {
        "@vue/compiler-dom": "3.5.22",
        "@vue/shared": "3.5.22"
      }
    },
    "node_modules/@vue/reactivity": {
      "version": "3.5.22",
      "resolved": "http://r.npm.sankuai.com/@vue/reactivity/download/@vue/reactivity-3.5.22.tgz",
      "integrity": "sha1-myb4VXyW30bJqFmRSiIp88pbj08=",
      "license": "MIT",
      "dependencies": {
        "@vue/shared": "3.5.22"
      }
    },
    "node_modules/@vue/runtime-core": {
      "version": "3.5.22",
      "resolved": "http://r.npm.sankuai.com/@vue/runtime-core/download/@vue/runtime-core-3.5.22.tgz",
      "integrity": "sha1-4ATB419CNVWg5MEGRu8+nTgGQ9E=",
      "license": "MIT",
      "dependencies": {
        "@vue/reactivity": "3.5.22",
        "@vue/shared": "3.5.22"
      }
    },
    "node_modules/@vue/runtime-dom": {
      "version": "3.5.22",
      "resolved": "http://r.npm.sankuai.com/@vue/runtime-dom/download/@vue/runtime-dom-3.5.22.tgz",
      "integrity": "sha1-ASds6ny5rCuaugRq37WQO0lOLn4=",
      "license": "MIT",
      "dependencies": {
        "@vue/reactivity": "3.5.22",
        "@vue/runtime-core": "3.5.22",
        "@vue/shared": "3.5.22",
        "csstype": "^3.1.3"
      }
    },
    "node_modules/@vue/server-renderer": {
      "version": "3.5.22",
      "resolved": "http://r.npm.sankuai.com/@vue/server-renderer/download/@vue/server-renderer-3.5.22.tgz",
      "integrity": "sha1-0TTjQJCUBEvQZtmANxRndFd1YVc=",
      "license": "MIT",
      "dependencies": {
        "@vue/compiler-ssr": "3.5.22",
        "@vue/shared": "3.5.22"
      },
      "peerDependencies": {
        "vue": "3.5.22"
      }
    },
    "node_modules/@vue/shared": {
      "version": "3.5.22",
      "resolved": "http://r.npm.sankuai.com/@vue/shared/download/@vue/shared-3.5.22.tgz",
      "integrity": "sha1-nVahZEo77LivHjRlWSiw4ojYJ/g=",
      "license": "MIT"
    },
    "node_modules/acorn": {
      "version": "8.15.0",
      "resolved": "http://r.npm.sankuai.com/acorn/download/acorn-8.15.0.tgz",
      "integrity": "sha1-o2CJi8QV7arEbIJB9jg5dbkwuBY=",
      "dev": true,
      "license": "MIT",
      "bin": {
        "acorn": "bin/acorn"
      },
      "engines": {
        "node": ">=0.4.0"
      }
    },
    "node_modules/ansi-styles": {
      "version": "4.3.0",
      "resolved": "http://r.npm.sankuai.com/ansi-styles/download/ansi-styles-4.3.0.tgz",
      "integrity": "sha1-7dgDYornHATIWuegkG7a00tkiTc=",
      "dev": true,
      "license": "MIT",
      "dependencies": {
        "color-convert": "^2.0.1"
      },
      "engines": {
        "node": ">=8"
      },
      "funding": {
        "url": "https://github.com/chalk/ansi-styles?sponsor=1"
      }
    },
    "node_modules/buffer-from": {
      "version": "1.1.2",
      "resolved": "http://r.npm.sankuai.com/buffer-from/download/buffer-from-1.1.2.tgz",
      "integrity": "sha1-KxRqb9cugLT1XSVfNe1Zo6mkG9U=",
      "dev": true,
      "license": "MIT"
    },
    "node_modules/chalk": {
      "version": "4.1.2",
      "resolved": "http://r.npm.sankuai.com/chalk/download/chalk-4.1.2.tgz",
      "integrity": "sha1-qsTit3NKdAhnrrFr8CqtVWoeegE=",
      "dev": true,
      "license": "MIT",
      "dependencies": {
        "ansi-styles": "^4.1.0",
        "supports-color": "^7.1.0"
      },
      "engines": {
        "node": ">=10"
      },
      "funding": {
        "url": "https://github.com/chalk/chalk?sponsor=1"
      }
    },
    "node_modules/color-convert": {
      "version": "2.0.1",
      "resolved": "http://r.npm.sankuai.com/color-convert/download/color-convert-2.0.1.tgz",
      "integrity": "sha1-ctOmjVmMm9s68q0ehPIdiWq9TeM=",
      "dev": true,
      "license": "MIT",
      "dependencies": {
        "color-name": "~1.1.4"
      },
      "engines": {
        "node": ">=7.0.0"
      }
    },
    "node_modules/color-name": {
      "version": "1.1.4",
      "resolved": "http://r.npm.sankuai.com/color-name/download/color-name-1.1.4.tgz",
      "integrity": "sha1-wqCah6y95pVD3m9j+jmVyCbFNqI=",
      "dev": true,
      "license": "MIT"
    },
    "node_modules/commander": {
      "version": "2.20.3",
      "resolved": "http://r.npm.sankuai.com/commander/download/commander-2.20.3.tgz",
      "integrity": "sha1-/UhehMA+tIgcIHIrpIA16FMa6zM=",
      "dev": true,
      "license": "MIT"
    },
    "node_modules/csstype": {
      "version": "3.1.3",
      "resolved": "http://r.npm.sankuai.com/csstype/download/csstype-3.1.3.tgz",
      "integrity": "sha1-2A/ylNEU+w5qxQD7+FtgE31+/4E=",
      "license": "MIT"
    },
    "node_modules/debug": {
      "version": "4.4.3",
      "resolved": "http://r.npm.sankuai.com/debug/download/debug-4.4.3.tgz",
      "integrity": "sha1-xq5DLZvZZiWC/OCHCbA4xY6ePWo=",
      "dev": true,
      "license": "MIT",
      "dependencies": {
        "ms": "^2.1.3"
      },
      "engines": {
        "node": ">=6.0"
      },
      "peerDependenciesMeta": {
        "supports-color": {
          "optional": true
        }
      }
    },
    "node_modules/detect-libc": {
      "version": "2.1.2",
      "resolved": "http://r.npm.sankuai.com/detect-libc/download/detect-libc-2.1.2.tgz",
      "integrity": "sha1-aJxdzcGQDvVYOky59te0c3QgdK0=",
      "dev": true,
      "license": "Apache-2.0",
      "engines": {
        "node": ">=8"
      }
    },
    "node_modules/entities": {
      "version": "4.5.0",
      "resolved": "http://r.npm.sankuai.com/entities/download/entities-4.5.0.tgz",
      "integrity": "sha1-XSaOpecRPsdMTQM7eepaNaSI+0g=",
      "license": "BSD-2-Clause",
      "engines": {
        "node": ">=0.12"
      },
      "funding": {
        "url": "https://github.com/fb55/entities?sponsor=1"
      }
    },
    "node_modules/esbuild": {
      "version": "0.18.20",
      "resolved": "http://r.npm.sankuai.com/esbuild/download/esbuild-0.18.20.tgz",
      "integrity": "sha1-Rwn1o0gBtDt5mrfW2C9yhKm3p6Y=",
      "dev": true,
      "hasInstallScript": true,
      "license": "MIT",
      "bin": {
        "esbuild": "bin/esbuild"
      },
      "engines": {
        "node": ">=12"
      },
      "optionalDependencies": {
        "@esbuild/android-arm": "0.18.20",
        "@esbuild/android-arm64": "0.18.20",
        "@esbuild/android-x64": "0.18.20",
        "@esbuild/darwin-arm64": "0.18.20",
        "@esbuild/darwin-x64": "0.18.20",
        "@esbuild/freebsd-arm64": "0.18.20",
        "@esbuild/freebsd-x64": "0.18.20",
        "@esbuild/linux-arm": "0.18.20",
        "@esbuild/linux-arm64": "0.18.20",
        "@esbuild/linux-ia32": "0.18.20",
        "@esbuild/linux-loong64": "0.18.20",
        "@esbuild/linux-mips64el": "0.18.20",
        "@esbuild/linux-ppc64": "0.18.20",
        "@esbuild/linux-riscv64": "0.18.20",
        "@esbuild/linux-s390x": "0.18.20",
        "@esbuild/linux-x64": "0.18.20",
        "@esbuild/netbsd-x64": "0.18.20",
        "@esbuild/openbsd-x64": "0.18.20",
        "@esbuild/sunos-x64": "0.18.20",
        "@esbuild/win32-arm64": "0.18.20",
        "@esbuild/win32-ia32": "0.18.20",
        "@esbuild/win32-x64": "0.18.20"
      }
    },
    "node_modules/estree-walker": {
      "version": "2.0.2",
      "resolved": "http://r.npm.sankuai.com/estree-walker/download/estree-walker-2.0.2.tgz",
      "integrity": "sha1-UvAQF4wqTBF6d1fP6UKtt9LaTKw=",
      "license": "MIT"
    },
    "node_modules/fs-extra": {
      "version": "10.1.0",
      "resolved": "http://r.npm.sankuai.com/fs-extra/download/fs-extra-10.1.0.tgz",
      "integrity": "sha1-Aoc8+8QITd4SfqpfmQXu8jJdGr8=",
      "dev": true,
      "license": "MIT",
      "dependencies": {
        "graceful-fs": "^4.2.0",
        "jsonfile": "^6.0.1",
        "universalify": "^2.0.0"
      },
      "engines": {
        "node": ">=12"
      }
    },
    "node_modules/fsevents": {
      "version": "2.3.3",
      "resolved": "http://r.npm.sankuai.com/fsevents/download/fsevents-2.3.3.tgz",
      "integrity": "sha1-ysZAd4XQNnWipeGlMFxpezR9kNY=",
      "dev": true,
      "license": "MIT",
      "optional": true,
      "os": [
        "darwin"
      ],
      "engines": {
        "node": "^8.16.0 || ^10.6.0 || >=11.0.0"
      }
    },
    "node_modules/graceful-fs": {
      "version": "4.2.11",
      "resolved": "http://r.npm.sankuai.com/graceful-fs/download/graceful-fs-4.2.11.tgz",
      "integrity": "sha1-QYPk6L8Iu24Fu7L30uDI9xLKQOM=",
      "dev": true,
      "license": "ISC"
    },
    "node_modules/has-flag": {
      "version": "4.0.0",
      "resolved": "http://r.npm.sankuai.com/has-flag/download/has-flag-4.0.0.tgz",
      "integrity": "sha1-lEdx/ZyByBJlxNaUGGDaBrtZR5s=",
      "dev": true,
      "license": "MIT",
      "engines": {
        "node": ">=8"
      }
    },
    "node_modules/jsonfile": {
      "version": "6.2.0",
      "resolved": "http://r.npm.sankuai.com/jsonfile/download/jsonfile-6.2.0.tgz",
      "integrity": "sha1-fCZb0bZd5pd0eDAAh8mfHIQ4P2I=",
      "dev": true,
      "license": "MIT",
      "dependencies": {
        "universalify": "^2.0.0"
      },
      "optionalDependencies": {
        "graceful-fs": "^4.1.6"
      }
    },
    "node_modules/magic-string": {
      "version": "0.30.19",
      "resolved": "http://r.npm.sankuai.com/magic-string/download/magic-string-0.30.19.tgz",
      "integrity": "sha1-zr6fEE5WVgLl0gmMXy55p3zIbak=",
      "license": "MIT",
      "dependencies": {
        "@jridgewell/sourcemap-codec": "^1.5.5"
      }
    },
    "node_modules/ms": {
      "version": "2.1.3",
      "resolved": "http://r.npm.sankuai.com/ms/download/ms-2.1.3.tgz",
      "integrity": "sha1-V0yBOM4dK1hh8LRFedut1gxmFbI=",
      "dev": true,
      "license": "MIT"
    },
    "node_modules/nanoid": {
      "version": "3.3.11",
      "resolved": "http://r.npm.sankuai.com/nanoid/download/nanoid-3.3.11.tgz",
      "integrity": "sha1-T08RLO++MDIC8hmYOBKJNiZtGFs=",
      "funding": [
        {
          "type": "github",
          "url": "https://github.com/sponsors/ai"
        }
      ],
      "license": "MIT",
      "bin": {
        "nanoid": "bin/nanoid.cjs"
      },
      "engines": {
        "node": "^10 || ^12 || ^13.7 || ^14 || >=15.0.1"
      }
    },
    "node_modules/picocolors": {
      "version": "1.1.1",
      "resolved": "http://r.npm.sankuai.com/picocolors/download/picocolors-1.1.1.tgz",
      "integrity": "sha1-PTIa8+q5ObCDyPkpodEs2oHCa2s=",
      "license": "ISC"
    },
    "node_modules/postcss": {
      "version": "8.5.6",
      "resolved": "http://r.npm.sankuai.com/postcss/download/postcss-8.5.6.tgz",
      "integrity": "sha1-KCUAZhWmGbT2Kp50JswSCzSajzw=",
      "funding": [
        {
          "type": "opencollective",
          "url": "https://opencollective.com/postcss/"
        },
        {
          "type": "tidelift",
          "url": "https://tidelift.com/funding/github/npm/postcss"
        },
        {
          "type": "github",
          "url": "https://github.com/sponsors/ai"
        }
      ],
      "license": "MIT",
      "dependencies": {
        "nanoid": "^3.3.11",
        "picocolors": "^1.1.1",
        "source-map-js": "^1.2.1"
      },
      "engines": {
        "node": "^10 || ^12 || >=14"
      }
    },
    "node_modules/rollup": {
      "version": "3.29.5",
      "resolved": "http://r.npm.sankuai.com/rollup/download/rollup-3.29.5.tgz",
      "integrity": "sha1-ii5HenWLUg+3ja8EvKTFIsHailQ=",
      "dev": true,
      "license": "MIT",
      "bin": {
        "rollup": "dist/bin/rollup"
      },
      "engines": {
        "node": ">=14.18.0",
        "npm": ">=8.0.0"
      },
      "optionalDependencies": {
        "fsevents": "~2.3.2"
      }
    },
    "node_modules/semver": {
      "version": "7.7.3",
      "resolved": "http://r.npm.sankuai.com/semver/download/semver-7.7.3.tgz",
      "integrity": "sha1-S19BQ9AHYzqNxnHNCm75FHuLuUY=",
      "dev": true,
      "license": "ISC",
      "bin": {
        "semver": "bin/semver.js"
      },
      "engines": {
        "node": ">=10"
      }
    },
    "node_modules/sharp": {
      "version": "0.34.4",
      "resolved": "http://r.npm.sankuai.com/sharp/download/sharp-0.34.4.tgz",
      "integrity": "sha1-c8LFpCXpglC4uSflU39xHaiWbjg=",
      "dev": true,
      "hasInstallScript": true,
      "license": "Apache-2.0",
      "dependencies": {
        "@img/colour": "^1.0.0",
        "detect-libc": "^2.1.0",
        "semver": "^7.7.2"
      },
      "engines": {
        "node": "^18.17.0 || ^20.3.0 || >=21.0.0"
      },
      "funding": {
        "url": "https://opencollective.com/libvips"
      },
      "optionalDependencies": {
        "@img/sharp-darwin-arm64": "0.34.4",
        "@img/sharp-darwin-x64": "0.34.4",
        "@img/sharp-libvips-darwin-arm64": "1.2.3",
        "@img/sharp-libvips-darwin-x64": "1.2.3",
        "@img/sharp-libvips-linux-arm": "1.2.3",
        "@img/sharp-libvips-linux-arm64": "1.2.3",
        "@img/sharp-libvips-linux-ppc64": "1.2.3",
        "@img/sharp-libvips-linux-s390x": "1.2.3",
        "@img/sharp-libvips-linux-x64": "1.2.3",
        "@img/sharp-libvips-linuxmusl-arm64": "1.2.3",
        "@img/sharp-libvips-linuxmusl-x64": "1.2.3",
        "@img/sharp-linux-arm": "0.34.4",
        "@img/sharp-linux-arm64": "0.34.4",
        "@img/sharp-linux-ppc64": "0.34.4",
        "@img/sharp-linux-s390x": "0.34.4",
        "@img/sharp-linux-x64": "0.34.4",
        "@img/sharp-linuxmusl-arm64": "0.34.4",
        "@img/sharp-linuxmusl-x64": "0.34.4",
        "@img/sharp-wasm32": "0.34.4",
        "@img/sharp-win32-arm64": "0.34.4",
        "@img/sharp-win32-ia32": "0.34.4",
        "@img/sharp-win32-x64": "0.34.4"
      }
    },
    "node_modules/source-map": {
      "version": "0.6.1",
      "resolved": "http://r.npm.sankuai.com/source-map/download/source-map-0.6.1.tgz",
      "integrity": "sha1-dHIq8y6WFOnCh6jQu95IteLxomM=",
      "dev": true,
      "license": "BSD-3-Clause",
      "engines": {
        "node": ">=0.10.0"
      }
    },
    "node_modules/source-map-js": {
      "version": "1.2.1",
      "resolved": "http://r.npm.sankuai.com/source-map-js/download/source-map-js-1.2.1.tgz",
      "integrity": "sha1-HOVlD93YerwJnto33P8CTCZnrkY=",
      "license": "BSD-3-Clause",
      "engines": {
        "node": ">=0.10.0"
      }
    },
    "node_modules/source-map-support": {
      "version": "0.5.21",
      "resolved": "http://r.npm.sankuai.com/source-map-support/download/source-map-support-0.5.21.tgz",
      "integrity": "sha1-BP58f54e0tZiIzwoyys1ufY/bk8=",
      "dev": true,
      "license": "MIT",
      "dependencies": {
        "buffer-from": "^1.0.0",
        "source-map": "^0.6.0"
      }
    },
    "node_modules/supports-color": {
      "version": "7.2.0",
      "resolved": "http://r.npm.sankuai.com/supports-color/download/supports-color-7.2.0.tgz",
      "integrity": "sha1-G33NyzK4E4gBs+R4umpRyqiWSNo=",
      "dev": true,
      "license": "MIT",
      "dependencies": {
        "has-flag": "^4.0.0"
      },
      "engines": {
        "node": ">=8"
      }
    },
    "node_modules/terser": {
      "version": "5.44.0",
      "resolved": "http://r.npm.sankuai.com/terser/download/terser-5.44.0.tgz",
      "integrity": "sha1-6++45bhXnZMRG/38OdLPY4efSoI=",
      "dev": true,
      "license": "BSD-2-Clause",
      "dependencies": {
        "@jridgewell/source-map": "^0.3.3",
        "acorn": "^8.15.0",
        "commander": "^2.20.0",
        "source-map-support": "~0.5.20"
      },
      "bin": {
        "terser": "bin/terser"
      },
      "engines": {
        "node": ">=10"
      }
    },
    "node_modules/tslib": {
      "version": "2.8.1",
      "resolved": "http://r.npm.sankuai.com/tslib/download/tslib-2.8.1.tgz",
      "integrity": "sha1-YS7+TtI11Wfoq6Xypfq3AoCt6D8=",
      "dev": true,
      "license": "0BSD",
      "optional": true
    },
    "node_modules/universalify": {
      "version": "2.0.1",
      "resolved": "http://r.npm.sankuai.com/universalify/download/universalify-2.0.1.tgz",
      "integrity": "sha1-Fo78IYCWTmOG0GHglN9hr+I5sY0=",
      "dev": true,
      "license": "MIT",
      "engines": {
        "node": ">= 10.0.0"
      }
    },
    "node_modules/vite": {
      "version": "4.5.14",
      "resolved": "http://r.npm.sankuai.com/vite/download/vite-4.5.14.tgz",
      "integrity": "sha1-LmUrwdiYJl2YfWVDzoZuzWX6QIY=",
      "dev": true,
      "license": "MIT",
      "dependencies": {
        "esbuild": "^0.18.10",
        "postcss": "^8.4.27",
        "rollup": "^3.27.1"
      },
      "bin": {
        "vite": "bin/vite.js"
      },
      "engines": {
        "node": "^14.18.0 || >=16.0.0"
      },
      "funding": {
        "url": "https://github.com/vitejs/vite?sponsor=1"
      },
      "optionalDependencies": {
        "fsevents": "~2.3.2"
      },
      "peerDependencies": {
        "@types/node": ">= 14",
        "less": "*",
        "lightningcss": "^1.21.0",
        "sass": "*",
        "stylus": "*",
        "sugarss": "*",
        "terser": "^5.4.0"
      },
      "peerDependenciesMeta": {
        "@types/node": {
          "optional": true
        },
        "less": {
          "optional": true
        },
        "lightningcss": {
          "optional": true
        },
        "sass": {
          "optional": true
        },
        "stylus": {
          "optional": true
        },
        "sugarss": {
          "optional": true
        },
        "terser": {
          "optional": true
        }
      }
    },
    "node_modules/vite-plugin-compression": {
      "version": "0.5.1",
      "resolved": "http://r.npm.sankuai.com/vite-plugin-compression/download/vite-plugin-compression-0.5.1.tgz",
      "integrity": "sha1-p1sNj0g1frs3e2UBbanyCIXvObY=",
      "dev": true,
      "license": "MIT",
      "dependencies": {
        "chalk": "^4.1.2",
        "debug": "^4.3.3",
        "fs-extra": "^10.0.0"
      },
      "peerDependencies": {
        "vite": ">=2.0.0"
      }
    },
    "node_modules/vue": {
      "version": "3.5.22",
      "resolved": "http://r.npm.sankuai.com/vue/download/vue-3.5.22.tgz",
      "integrity": "sha1-K43blO5LZA7xL+f27+HPFvO1guc=",
      "license": "MIT",
      "dependencies": {
        "@vue/compiler-dom": "3.5.22",
        "@vue/compiler-sfc": "3.5.22",
        "@vue/runtime-dom": "3.5.22",
        "@vue/server-renderer": "3.5.22",
        "@vue/shared": "3.5.22"
      },
      "peerDependencies": {
        "typescript": "*"
      },
      "peerDependenciesMeta": {
        "typescript": {
          "optional": true
        }
      }
    }
  }
}
