# THIS IS AN AUTOGENERATED FILE. DO NOT EDIT THIS FILE DIRECTLY.
# yarn lockfile v1


"@babel/helper-string-parser@^7.27.1":
  version "7.27.1"
  resolved "http://r.npm.sankuai.com/@babel/helper-string-parser/download/@babel/helper-string-parser-7.27.1.tgz"
  integrity sha1-VNp5YJerGc5n7Z+ItHuy7Ek2doc=

"@babel/helper-validator-identifier@^7.27.1":
  version "7.27.1"
  resolved "http://r.npm.sankuai.com/@babel/helper-validator-identifier/download/@babel/helper-validator-identifier-7.27.1.tgz"
  integrity sha1-pwVNzBRaln3U3I/uhFpXwTFsnfg=

"@babel/parser@^7.28.4":
  version "7.28.4"
  resolved "http://r.npm.sankuai.com/@babel/parser/download/@babel/parser-7.28.4.tgz"
  integrity sha1-2iXUZDUyiQkyzAP3cF/hljfgP6g=
  dependencies:
    "@babel/types" "^7.28.4"

"@babel/types@^7.28.4":
  version "7.28.4"
  resolved "http://r.npm.sankuai.com/@babel/types/download/@babel/types-7.28.4.tgz"
  integrity sha1-Ck5hj0xgp81sEcstSAYOTb44rDo=
  dependencies:
    "@babel/helper-string-parser" "^7.27.1"
    "@babel/helper-validator-identifier" "^7.27.1"

"@esbuild/darwin-arm64@0.18.20":
  version "0.18.20"
  resolved "http://r.npm.sankuai.com/@esbuild/darwin-arm64/download/@esbuild/darwin-arm64-0.18.20.tgz"
  integrity sha1-CBcsvsz5X7w4M5mn85z73a6w18E=

"@img/colour@^1.0.0":
  version "1.0.0"
  resolved "http://r.npm.sankuai.com/@img/colour/download/@img/colour-1.0.0.tgz"
  integrity sha1-0vq7IjRVp5O/O/nHDePShSaqgxE=

"@img/sharp-darwin-arm64@0.34.4":
  version "0.34.4"
  resolved "http://r.npm.sankuai.com/@img/sharp-darwin-arm64/download/@img/sharp-darwin-arm64-0.34.4.tgz"
  integrity sha1-ig3KyeYh/1M/vy6DD2qXezjWegw=
  optionalDependencies:
    "@img/sharp-libvips-darwin-arm64" "1.2.3"

"@img/sharp-libvips-darwin-arm64@1.2.3":
  version "1.2.3"
  resolved "http://r.npm.sankuai.com/@img/sharp-libvips-darwin-arm64/download/@img/sharp-libvips-darwin-arm64-1.2.3.tgz"
  integrity sha1-9Dyao7dP0wfkMY2mPrvg7Uw050Q=

"@jridgewell/gen-mapping@^0.3.5":
  version "0.3.13"
  resolved "http://r.npm.sankuai.com/@jridgewell/gen-mapping/download/@jridgewell/gen-mapping-0.3.13.tgz"
  integrity sha1-Y0Khn0Q0dRjJPkOxrGnes8Rlah8=
  dependencies:
    "@jridgewell/sourcemap-codec" "^1.5.0"
    "@jridgewell/trace-mapping" "^0.3.24"

"@jridgewell/resolve-uri@^3.1.0":
  version "3.1.2"
  resolved "http://r.npm.sankuai.com/@jridgewell/resolve-uri/download/@jridgewell/resolve-uri-3.1.2.tgz"
  integrity sha1-eg7mAfYPmaIMfHxf8MgDiMEYm9Y=

"@jridgewell/source-map@^0.3.3":
  version "0.3.11"
  resolved "http://r.npm.sankuai.com/@jridgewell/source-map/download/@jridgewell/source-map-0.3.11.tgz"
  integrity sha1-shg1y9Nttla4V8KtAuvUE8wTqbo=
  dependencies:
    "@jridgewell/gen-mapping" "^0.3.5"
    "@jridgewell/trace-mapping" "^0.3.25"

"@jridgewell/sourcemap-codec@^1.4.14", "@jridgewell/sourcemap-codec@^1.5.0", "@jridgewell/sourcemap-codec@^1.5.5":
  version "1.5.5"
  resolved "http://r.npm.sankuai.com/@jridgewell/sourcemap-codec/download/@jridgewell/sourcemap-codec-1.5.5.tgz"
  integrity sha1-aRKwDSxjHA0Vzhp6tXzWV/Ko+Lo=

"@jridgewell/trace-mapping@^0.3.24", "@jridgewell/trace-mapping@^0.3.25":
  version "0.3.31"
  resolved "http://r.npm.sankuai.com/@jridgewell/trace-mapping/download/@jridgewell/trace-mapping-0.3.31.tgz"
  integrity sha1-2xXWeByTHzolGj2sOVAcmKYIL9A=
  dependencies:
    "@jridgewell/resolve-uri" "^3.1.0"
    "@jridgewell/sourcemap-codec" "^1.4.14"

"@vitejs/plugin-vue@^4.3.4":
  version "4.6.2"
  resolved "http://r.npm.sankuai.com/@vitejs/plugin-vue/download/@vitejs/plugin-vue-4.6.2.tgz"
  integrity sha1-BX0t7ZTE5xuU6YFPktzZMGMXqkY=

"@vue/compiler-core@3.5.22":
  version "3.5.22"
  resolved "http://r.npm.sankuai.com/@vue/compiler-core/download/@vue/compiler-core-3.5.22.tgz"
  integrity sha1-u4KUoN0x31QFY8xv+gRW8fdoe5c=
  dependencies:
    "@babel/parser" "^7.28.4"
    "@vue/shared" "3.5.22"
    entities "^4.5.0"
    estree-walker "^2.0.2"
    source-map-js "^1.2.1"

"@vue/compiler-dom@3.5.22":
  version "3.5.22"
  resolved "http://r.npm.sankuai.com/@vue/compiler-dom/download/@vue/compiler-dom-3.5.22.tgz"
  integrity sha1-bJwsmENSD209vGheXQ4eEqLATFY=
  dependencies:
    "@vue/compiler-core" "3.5.22"
    "@vue/shared" "3.5.22"

"@vue/compiler-sfc@3.5.22":
  version "3.5.22"
  resolved "http://r.npm.sankuai.com/@vue/compiler-sfc/download/@vue/compiler-sfc-3.5.22.tgz"
  integrity sha1-ZjqEg7HdqN6DtvoaqzilK/c92WU=
  dependencies:
    "@babel/parser" "^7.28.4"
    "@vue/compiler-core" "3.5.22"
    "@vue/compiler-dom" "3.5.22"
    "@vue/compiler-ssr" "3.5.22"
    "@vue/shared" "3.5.22"
    estree-walker "^2.0.2"
    magic-string "^0.30.19"
    postcss "^8.5.6"
    source-map-js "^1.2.1"

"@vue/compiler-ssr@3.5.22":
  version "3.5.22"
  resolved "http://r.npm.sankuai.com/@vue/compiler-ssr/download/@vue/compiler-ssr-3.5.22.tgz"
  integrity sha1-oO8W42RzGyXnmhNHBWkGavEBMg8=
  dependencies:
    "@vue/compiler-dom" "3.5.22"
    "@vue/shared" "3.5.22"

"@vue/reactivity@3.5.22":
  version "3.5.22"
  resolved "http://r.npm.sankuai.com/@vue/reactivity/download/@vue/reactivity-3.5.22.tgz"
  integrity sha1-myb4VXyW30bJqFmRSiIp88pbj08=
  dependencies:
    "@vue/shared" "3.5.22"

"@vue/runtime-core@3.5.22":
  version "3.5.22"
  resolved "http://r.npm.sankuai.com/@vue/runtime-core/download/@vue/runtime-core-3.5.22.tgz"
  integrity sha1-4ATB419CNVWg5MEGRu8+nTgGQ9E=
  dependencies:
    "@vue/reactivity" "3.5.22"
    "@vue/shared" "3.5.22"

"@vue/runtime-dom@3.5.22":
  version "3.5.22"
  resolved "http://r.npm.sankuai.com/@vue/runtime-dom/download/@vue/runtime-dom-3.5.22.tgz"
  integrity sha1-ASds6ny5rCuaugRq37WQO0lOLn4=
  dependencies:
    "@vue/reactivity" "3.5.22"
    "@vue/runtime-core" "3.5.22"
    "@vue/shared" "3.5.22"
    csstype "^3.1.3"

"@vue/server-renderer@3.5.22":
  version "3.5.22"
  resolved "http://r.npm.sankuai.com/@vue/server-renderer/download/@vue/server-renderer-3.5.22.tgz"
  integrity sha1-0TTjQJCUBEvQZtmANxRndFd1YVc=
  dependencies:
    "@vue/compiler-ssr" "3.5.22"
    "@vue/shared" "3.5.22"

"@vue/shared@3.5.22":
  version "3.5.22"
  resolved "http://r.npm.sankuai.com/@vue/shared/download/@vue/shared-3.5.22.tgz"
  integrity sha1-nVahZEo77LivHjRlWSiw4ojYJ/g=

acorn@^8.15.0:
  version "8.15.0"
  resolved "http://r.npm.sankuai.com/acorn/download/acorn-8.15.0.tgz"
  integrity sha1-o2CJi8QV7arEbIJB9jg5dbkwuBY=

ansi-styles@^4.1.0:
  version "4.3.0"
  resolved "http://r.npm.sankuai.com/ansi-styles/download/ansi-styles-4.3.0.tgz"
  integrity sha1-7dgDYornHATIWuegkG7a00tkiTc=
  dependencies:
    color-convert "^2.0.1"

buffer-from@^1.0.0:
  version "1.1.2"
  resolved "http://r.npm.sankuai.com/buffer-from/download/buffer-from-1.1.2.tgz"
  integrity sha1-KxRqb9cugLT1XSVfNe1Zo6mkG9U=

chalk@^4.1.2:
  version "4.1.2"
  resolved "http://r.npm.sankuai.com/chalk/download/chalk-4.1.2.tgz"
  integrity sha1-qsTit3NKdAhnrrFr8CqtVWoeegE=
  dependencies:
    ansi-styles "^4.1.0"
    supports-color "^7.1.0"

color-convert@^2.0.1:
  version "2.0.1"
  resolved "http://r.npm.sankuai.com/color-convert/download/color-convert-2.0.1.tgz"
  integrity sha1-ctOmjVmMm9s68q0ehPIdiWq9TeM=
  dependencies:
    color-name "~1.1.4"

color-name@~1.1.4:
  version "1.1.4"
  resolved "http://r.npm.sankuai.com/color-name/download/color-name-1.1.4.tgz"
  integrity sha1-wqCah6y95pVD3m9j+jmVyCbFNqI=

commander@^2.20.0:
  version "2.20.3"
  resolved "http://r.npm.sankuai.com/commander/download/commander-2.20.3.tgz"
  integrity sha1-/UhehMA+tIgcIHIrpIA16FMa6zM=

csstype@^3.1.3:
  version "3.1.3"
  resolved "http://r.npm.sankuai.com/csstype/download/csstype-3.1.3.tgz"
  integrity sha1-2A/ylNEU+w5qxQD7+FtgE31+/4E=

debug@^4.3.3:
  version "4.4.3"
  resolved "http://r.npm.sankuai.com/debug/download/debug-4.4.3.tgz"
  integrity sha1-xq5DLZvZZiWC/OCHCbA4xY6ePWo=
  dependencies:
    ms "^2.1.3"

detect-libc@^2.1.0:
  version "2.1.2"
  resolved "http://r.npm.sankuai.com/detect-libc/download/detect-libc-2.1.2.tgz"
  integrity sha1-aJxdzcGQDvVYOky59te0c3QgdK0=

entities@^4.5.0:
  version "4.5.0"
  resolved "http://r.npm.sankuai.com/entities/download/entities-4.5.0.tgz"
  integrity sha1-XSaOpecRPsdMTQM7eepaNaSI+0g=

esbuild@^0.18.10:
  version "0.18.20"
  resolved "http://r.npm.sankuai.com/esbuild/download/esbuild-0.18.20.tgz"
  integrity sha1-Rwn1o0gBtDt5mrfW2C9yhKm3p6Y=
  optionalDependencies:
    "@esbuild/android-arm" "0.18.20"
    "@esbuild/android-arm64" "0.18.20"
    "@esbuild/android-x64" "0.18.20"
    "@esbuild/darwin-arm64" "0.18.20"
    "@esbuild/darwin-x64" "0.18.20"
    "@esbuild/freebsd-arm64" "0.18.20"
    "@esbuild/freebsd-x64" "0.18.20"
    "@esbuild/linux-arm" "0.18.20"
    "@esbuild/linux-arm64" "0.18.20"
    "@esbuild/linux-ia32" "0.18.20"
    "@esbuild/linux-loong64" "0.18.20"
    "@esbuild/linux-mips64el" "0.18.20"
    "@esbuild/linux-ppc64" "0.18.20"
    "@esbuild/linux-riscv64" "0.18.20"
    "@esbuild/linux-s390x" "0.18.20"
    "@esbuild/linux-x64" "0.18.20"
    "@esbuild/netbsd-x64" "0.18.20"
    "@esbuild/openbsd-x64" "0.18.20"
    "@esbuild/sunos-x64" "0.18.20"
    "@esbuild/win32-arm64" "0.18.20"
    "@esbuild/win32-ia32" "0.18.20"
    "@esbuild/win32-x64" "0.18.20"

estree-walker@^2.0.2:
  version "2.0.2"
  resolved "http://r.npm.sankuai.com/estree-walker/download/estree-walker-2.0.2.tgz"
  integrity sha1-UvAQF4wqTBF6d1fP6UKtt9LaTKw=

fs-extra@^10.0.0:
  version "10.1.0"
  resolved "http://r.npm.sankuai.com/fs-extra/download/fs-extra-10.1.0.tgz"
  integrity sha1-Aoc8+8QITd4SfqpfmQXu8jJdGr8=
  dependencies:
    graceful-fs "^4.2.0"
    jsonfile "^6.0.1"
    universalify "^2.0.0"

fsevents@~2.3.2:
  version "2.3.3"
  resolved "http://r.npm.sankuai.com/fsevents/download/fsevents-2.3.3.tgz"
  integrity sha1-ysZAd4XQNnWipeGlMFxpezR9kNY=

graceful-fs@^4.1.6, graceful-fs@^4.2.0:
  version "4.2.11"
  resolved "http://r.npm.sankuai.com/graceful-fs/download/graceful-fs-4.2.11.tgz"
  integrity sha1-QYPk6L8Iu24Fu7L30uDI9xLKQOM=

has-flag@^4.0.0:
  version "4.0.0"
  resolved "http://r.npm.sankuai.com/has-flag/download/has-flag-4.0.0.tgz"
  integrity sha1-lEdx/ZyByBJlxNaUGGDaBrtZR5s=

jsonfile@^6.0.1:
  version "6.2.0"
  resolved "http://r.npm.sankuai.com/jsonfile/download/jsonfile-6.2.0.tgz"
  integrity sha1-fCZb0bZd5pd0eDAAh8mfHIQ4P2I=
  dependencies:
    universalify "^2.0.0"
  optionalDependencies:
    graceful-fs "^4.1.6"

magic-string@^0.30.19:
  version "0.30.19"
  resolved "http://r.npm.sankuai.com/magic-string/download/magic-string-0.30.19.tgz"
  integrity sha1-zr6fEE5WVgLl0gmMXy55p3zIbak=
  dependencies:
    "@jridgewell/sourcemap-codec" "^1.5.5"

ms@^2.1.3:
  version "2.1.3"
  resolved "http://r.npm.sankuai.com/ms/download/ms-2.1.3.tgz"
  integrity sha1-V0yBOM4dK1hh8LRFedut1gxmFbI=

nanoid@^3.3.11:
  version "3.3.11"
  resolved "http://r.npm.sankuai.com/nanoid/download/nanoid-3.3.11.tgz"
  integrity sha1-T08RLO++MDIC8hmYOBKJNiZtGFs=

picocolors@^1.1.1:
  version "1.1.1"
  resolved "http://r.npm.sankuai.com/picocolors/download/picocolors-1.1.1.tgz"
  integrity sha1-PTIa8+q5ObCDyPkpodEs2oHCa2s=

postcss@^8.4.27, postcss@^8.5.6:
  version "8.5.6"
  resolved "http://r.npm.sankuai.com/postcss/download/postcss-8.5.6.tgz"
  integrity sha1-KCUAZhWmGbT2Kp50JswSCzSajzw=
  dependencies:
    nanoid "^3.3.11"
    picocolors "^1.1.1"
    source-map-js "^1.2.1"

rollup@^3.27.1:
  version "3.29.5"
  resolved "http://r.npm.sankuai.com/rollup/download/rollup-3.29.5.tgz"
  integrity sha1-ii5HenWLUg+3ja8EvKTFIsHailQ=
  optionalDependencies:
    fsevents "~2.3.2"

semver@^7.7.2:
  version "7.7.3"
  resolved "http://r.npm.sankuai.com/semver/download/semver-7.7.3.tgz"
  integrity sha1-S19BQ9AHYzqNxnHNCm75FHuLuUY=

sharp@^0.34.4:
  version "0.34.4"
  resolved "http://r.npm.sankuai.com/sharp/download/sharp-0.34.4.tgz"
  integrity sha1-c8LFpCXpglC4uSflU39xHaiWbjg=
  dependencies:
    "@img/colour" "^1.0.0"
    detect-libc "^2.1.0"
    semver "^7.7.2"
  optionalDependencies:
    "@img/sharp-darwin-arm64" "0.34.4"
    "@img/sharp-darwin-x64" "0.34.4"
    "@img/sharp-libvips-darwin-arm64" "1.2.3"
    "@img/sharp-libvips-darwin-x64" "1.2.3"
    "@img/sharp-libvips-linux-arm" "1.2.3"
    "@img/sharp-libvips-linux-arm64" "1.2.3"
    "@img/sharp-libvips-linux-ppc64" "1.2.3"
    "@img/sharp-libvips-linux-s390x" "1.2.3"
    "@img/sharp-libvips-linux-x64" "1.2.3"
    "@img/sharp-libvips-linuxmusl-arm64" "1.2.3"
    "@img/sharp-libvips-linuxmusl-x64" "1.2.3"
    "@img/sharp-linux-arm" "0.34.4"
    "@img/sharp-linux-arm64" "0.34.4"
    "@img/sharp-linux-ppc64" "0.34.4"
    "@img/sharp-linux-s390x" "0.34.4"
    "@img/sharp-linux-x64" "0.34.4"
    "@img/sharp-linuxmusl-arm64" "0.34.4"
    "@img/sharp-linuxmusl-x64" "0.34.4"
    "@img/sharp-wasm32" "0.34.4"
    "@img/sharp-win32-arm64" "0.34.4"
    "@img/sharp-win32-ia32" "0.34.4"
    "@img/sharp-win32-x64" "0.34.4"

source-map-js@^1.2.1:
  version "1.2.1"
  resolved "http://r.npm.sankuai.com/source-map-js/download/source-map-js-1.2.1.tgz"
  integrity sha1-HOVlD93YerwJnto33P8CTCZnrkY=

source-map-support@~0.5.20:
  version "0.5.21"
  resolved "http://r.npm.sankuai.com/source-map-support/download/source-map-support-0.5.21.tgz"
  integrity sha1-BP58f54e0tZiIzwoyys1ufY/bk8=
  dependencies:
    buffer-from "^1.0.0"
    source-map "^0.6.0"

source-map@^0.6.0:
  version "0.6.1"
  resolved "http://r.npm.sankuai.com/source-map/download/source-map-0.6.1.tgz"
  integrity sha1-dHIq8y6WFOnCh6jQu95IteLxomM=

supports-color@^7.1.0:
  version "7.2.0"
  resolved "http://r.npm.sankuai.com/supports-color/download/supports-color-7.2.0.tgz"
  integrity sha1-G33NyzK4E4gBs+R4umpRyqiWSNo=
  dependencies:
    has-flag "^4.0.0"

terser@^5.4.0, terser@^5.44.0:
  version "5.44.0"
  resolved "http://r.npm.sankuai.com/terser/download/terser-5.44.0.tgz"
  integrity sha1-6++45bhXnZMRG/38OdLPY4efSoI=
  dependencies:
    "@jridgewell/source-map" "^0.3.3"
    acorn "^8.15.0"
    commander "^2.20.0"
    source-map-support "~0.5.20"

universalify@^2.0.0:
  version "2.0.1"
  resolved "http://r.npm.sankuai.com/universalify/download/universalify-2.0.1.tgz"
  integrity sha1-Fo78IYCWTmOG0GHglN9hr+I5sY0=

vite-plugin-compression@^0.5.1:
  version "0.5.1"
  resolved "http://r.npm.sankuai.com/vite-plugin-compression/download/vite-plugin-compression-0.5.1.tgz"
  integrity sha1-p1sNj0g1frs3e2UBbanyCIXvObY=
  dependencies:
    chalk "^4.1.2"
    debug "^4.3.3"
    fs-extra "^10.0.0"

"vite@^4.0.0 || ^5.0.0", vite@^4.4.9, vite@>=2.0.0:
  version "4.5.14"
  resolved "http://r.npm.sankuai.com/vite/download/vite-4.5.14.tgz"
  integrity sha1-LmUrwdiYJl2YfWVDzoZuzWX6QIY=
  dependencies:
    esbuild "^0.18.10"
    postcss "^8.4.27"
    rollup "^3.27.1"
  optionalDependencies:
    fsevents "~2.3.2"

vue@^3.2.25, vue@^3.3.4, vue@3.5.22:
  version "3.5.22"
  resolved "http://r.npm.sankuai.com/vue/download/vue-3.5.22.tgz"
  integrity sha1-K43blO5LZA7xL+f27+HPFvO1guc=
  dependencies:
    "@vue/compiler-dom" "3.5.22"
    "@vue/compiler-sfc" "3.5.22"
    "@vue/runtime-dom" "3.5.22"
    "@vue/server-renderer" "3.5.22"
    "@vue/shared" "3.5.22"
